
Microsoft Visual Studio Solution File, Format Version 12.00
# Visual Studio Version 16
VisualStudioVersion = 16.0.31313.79
MinimumVisualStudioVersion = 10.0.40219.1
Project("{9A19103F-16F7-4668-BE54-9A1E7A4F7556}") = "FileManager.Api", "FileManager.Api\FileManager.Api.csproj", "{1381C841-4FAB-43AE-B06D-F875494672E6}"
EndProject
Project("{FAE04EC0-301F-11D3-BF4B-00C04F79EFBC}") = "FileManager.Shared", "FileManager.Shared\FileManager.Shared.csproj", "{9B9FAD48-0C97-4176-A2F4-C99782C2F6C1}"
EndProject
Project("{FAE04EC0-301F-11D3-BF4B-00C04F79EFBC}") = "FileManager.Domain", "FileManager.Domain\FileManager.Domain.csproj", "{5EB82647-F3E3-48F2-8492-73F9944515A9}"
EndProject
Project("{FAE04EC0-301F-11D3-BF4B-00C04F79EFBC}") = "FileManager.Application", "FileManager.Application\FileManager.Application.csproj", "{55ACC898-DFA7-4BC2-BE8F-E2E059FB1881}"
EndProject
Project("{FAE04EC0-301F-11D3-BF4B-00C04F79EFBC}") = "FileManager.Application.Interfaces", "FileManager.Application.Interfaces\FileManager.Application.Interfaces.csproj", "{440EA1D1-DAFA-4518-A24B-08326E36A465}"
EndProject
Project("{FAE04EC0-301F-11D3-BF4B-00C04F79EFBC}") = "FileManager.Exceptions", "FileManager.Exceptions\FileManager.Exceptions.csproj", "{ED02050C-0FB0-487F-B9BB-EEBAAA116178}"
EndProject
Global
	GlobalSection(SolutionConfigurationPlatforms) = preSolution
		Debug|Any CPU = Debug|Any CPU
		Release|Any CPU = Release|Any CPU
	EndGlobalSection
	GlobalSection(ProjectConfigurationPlatforms) = postSolution
		{1381C841-4FAB-43AE-B06D-F875494672E6}.Debug|Any CPU.ActiveCfg = Debug|Any CPU
		{1381C841-4FAB-43AE-B06D-F875494672E6}.Debug|Any CPU.Build.0 = Debug|Any CPU
		{1381C841-4FAB-43AE-B06D-F875494672E6}.Release|Any CPU.ActiveCfg = Release|Any CPU
		{1381C841-4FAB-43AE-B06D-F875494672E6}.Release|Any CPU.Build.0 = Release|Any CPU
		{9B9FAD48-0C97-4176-A2F4-C99782C2F6C1}.Debug|Any CPU.ActiveCfg = Debug|Any CPU
		{9B9FAD48-0C97-4176-A2F4-C99782C2F6C1}.Debug|Any CPU.Build.0 = Debug|Any CPU
		{9B9FAD48-0C97-4176-A2F4-C99782C2F6C1}.Release|Any CPU.ActiveCfg = Release|Any CPU
		{9B9FAD48-0C97-4176-A2F4-C99782C2F6C1}.Release|Any CPU.Build.0 = Release|Any CPU
		{5EB82647-F3E3-48F2-8492-73F9944515A9}.Debug|Any CPU.ActiveCfg = Debug|Any CPU
		{5EB82647-F3E3-48F2-8492-73F9944515A9}.Debug|Any CPU.Build.0 = Debug|Any CPU
		{5EB82647-F3E3-48F2-8492-73F9944515A9}.Release|Any CPU.ActiveCfg = Release|Any CPU
		{5EB82647-F3E3-48F2-8492-73F9944515A9}.Release|Any CPU.Build.0 = Release|Any CPU
		{55ACC898-DFA7-4BC2-BE8F-E2E059FB1881}.Debug|Any CPU.ActiveCfg = Debug|Any CPU
		{55ACC898-DFA7-4BC2-BE8F-E2E059FB1881}.Debug|Any CPU.Build.0 = Debug|Any CPU
		{55ACC898-DFA7-4BC2-BE8F-E2E059FB1881}.Release|Any CPU.ActiveCfg = Release|Any CPU
		{55ACC898-DFA7-4BC2-BE8F-E2E059FB1881}.Release|Any CPU.Build.0 = Release|Any CPU
		{440EA1D1-DAFA-4518-A24B-08326E36A465}.Debug|Any CPU.ActiveCfg = Debug|Any CPU
		{440EA1D1-DAFA-4518-A24B-08326E36A465}.Debug|Any CPU.Build.0 = Debug|Any CPU
		{440EA1D1-DAFA-4518-A24B-08326E36A465}.Release|Any CPU.ActiveCfg = Release|Any CPU
		{440EA1D1-DAFA-4518-A24B-08326E36A465}.Release|Any CPU.Build.0 = Release|Any CPU
		{ED02050C-0FB0-487F-B9BB-EEBAAA116178}.Debug|Any CPU.ActiveCfg = Debug|Any CPU
		{ED02050C-0FB0-487F-B9BB-EEBAAA116178}.Debug|Any CPU.Build.0 = Debug|Any CPU
		{ED02050C-0FB0-487F-B9BB-EEBAAA116178}.Release|Any CPU.ActiveCfg = Release|Any CPU
		{ED02050C-0FB0-487F-B9BB-EEBAAA116178}.Release|Any CPU.Build.0 = Release|Any CPU
	EndGlobalSection
	GlobalSection(SolutionProperties) = preSolution
		HideSolutionNode = FALSE
	EndGlobalSection
	GlobalSection(ExtensibilityGlobals) = postSolution
		SolutionGuid = {3B43350D-6B65-49FA-A8A0-F1DD45911503}
	EndGlobalSection
EndGlobal
